// !$*UTF8*$!
{
	archiveVersion = 1;
	classes = {
	};
	objectVersion = 48;
	objects = {

/* Begin PBXBuildFile section */
		071B05DC1F997239001D1776 /* SamplePropertyList.plist in Resources */ = {isa = PBXBuildFile; fileRef = 071B05DB1F997239001D1776 /* SamplePropertyList.plist */; };
		163A54831F9900F800935122 /* AppDelegate.swift in Sources */ = {isa = PBXBuildFile; fileRef = 163A54821F9900F800935122 /* AppDelegate.swift */; };
		163A54881F9900F800935122 /* Main.storyboard in Resources */ = {isa = PBXBuildFile; fileRef = 163A54861F9900F800935122 /* Main.storyboard */; };
		163A548A1F9900F800935122 /* Assets.xcassets in Resources */ = {isa = PBXBuildFile; fileRef = 163A54891F9900F800935122 /* Assets.xcassets */; };
		163A548D1F9900F800935122 /* LaunchScreen.storyboard in Resources */ = {isa = PBXBuildFile; fileRef = 163A548B1F9900F800935122 /* LaunchScreen.storyboard */; };
		163A54951F99015500935122 /* ProductVC.swift in Sources */ = {isa = PBXBuildFile; fileRef = 163A54941F99015500935122 /* ProductVC.swift */; };
		163A54971F99043600935122 /* ProductListVC.swift in Sources */ = {isa = PBXBuildFile; fileRef = 163A54961F99043600935122 /* ProductListVC.swift */; };
		163A549B1F99203000935122 /* ProductPlist.plist in Resources */ = {isa = PBXBuildFile; fileRef = 163A549A1F99203000935122 /* ProductPlist.plist */; };
/* End PBXBuildFile section */

/* Begin PBXFileReference section */
		071B05DB1F997239001D1776 /* SamplePropertyList.plist */ = {isa = PBXFileReference; lastKnownFileType = text.plist.xml; path = SamplePropertyList.plist; sourceTree = "<group>"; };
		163A547F1F9900F800935122 /* PlistDemo.app */ = {isa = PBXFileReference; explicitFileType = wrapper.application; includeInIndex = 0; path = PlistDemo.app; sourceTree = BUILT_PRODUCTS_DIR; };
		163A54821F9900F800935122 /* AppDelegate.swift */ = {isa = PBXFileReference; lastKnownFileType = sourcecode.swift; path = AppDelegate.swift; sourceTree = "<group>"; };
		163A54871F9900F800935122 /* Base */ = {isa = PBXFileReference; lastKnownFileType = file.storyboard; name = Base; path = Base.lproj/Main.storyboard; sourceTree = "<group>"; };
		163A54891F9900F800935122 /* Assets.xcassets */ = {isa = PBXFileReference; lastKnownFileType = folder.assetcatalog; path = Assets.xcassets; sourceTree = "<group>"; };
		163A548C1F9900F800935122 /* Base */ = {isa = PBXFileReference; lastKnownFileType = file.storyboard; name = Base; path = Base.lproj/LaunchScreen.storyboard; sourceTree = "<group>"; };
		163A548E1F9900F800935122 /* Info.plist */ = {isa = PBXFileReference; lastKnownFileType = text.plist.xml; path = Info.plist; sourceTree = "<group>"; };
		163A54941F99015500935122 /* ProductVC.swift */ = {isa = PBXFileReference; lastKnownFileType = sourcecode.swift; path = ProductVC.swift; sourceTree = "<group>"; };
		163A54961F99043600935122 /* ProductListVC.swift */ = {isa = PBXFileReference; lastKnownFileType = sourcecode.swift; path = ProductListVC.swift; sourceTree = "<group>"; };
		163A549A1F99203000935122 /* ProductPlist.plist */ = {isa = PBXFileReference; lastKnownFileType = text.plist.xml; path = ProductPlist.plist; sourceTree = "<group>"; };
/* End PBXFileReference section */

/* Begin PBXFrameworksBuildPhase section */
		163A547C1F9900F800935122 /* Frameworks */ = {
			isa = PBXFrameworksBuildPhase;
			buildActionMask = 2147483647;
			files = (
			);
			runOnlyForDeploymentPostprocessing = 0;
		};
/* End PBXFrameworksBuildPhase section */

/* Begin PBXGroup section */
		163A54761F9900F800935122 = {
			isa = PBXGroup;
			children = (
				163A54811F9900F800935122 /* PlistDemo */,
				163A54801F9900F800935122 /* Products */,
			);
			sourceTree = "<group>";
		};
		163A54801F9900F800935122 /* Products */ = {
			isa = PBXGroup;
			children = (
				163A547F1F9900F800935122 /* PlistDemo.app */,
			);
			name = Products;
			sourceTree = "<group>";
		};
		163A54811F9900F800935122 /* PlistDemo */ = {
			isa = PBXGroup;
			children = (
				163A54821F9900F800935122 /* AppDelegate.swift */,
				163A54861F9900F800935122 /* Main.storyboard */,
				163A54891F9900F800935122 /* Assets.xcassets */,
				163A548B1F9900F800935122 /* LaunchScreen.storyboard */,
				163A548E1F9900F800935122 /* Info.plist */,
				163A54941F99015500935122 /* ProductVC.swift */,
				163A54961F99043600935122 /* ProductListVC.swift */,
				163A549A1F99203000935122 /* ProductPlist.plist */,
				071B05DB1F997239001D1776 /* SamplePropertyList.plist */,
			);
			path = PlistDemo;
			sourceTree = "<group>";
		};
/* End PBXGroup section */

/* Begin PBXNativeTarget section */
		163A547E1F9900F800935122 /* PlistDemo */ = {
			isa = PBXNativeTarget;
			buildConfigurationList = 163A54911F9900F800935122 /* Build configuration list for PBXNativeTarget "PlistDemo" */;
			buildPhases = (
				163A547B1F9900F800935122 /* Sources */,
				163A547C1F9900F800935122 /* Frameworks */,
				163A547D1F9900F800935122 /* Resources */,
			);
			buildRules = (
			);
			dependencies = (
			);
			name = PlistDemo;
			productName = PlistDemo;
			productReference = 163A547F1F9900F800935122 /* PlistDemo.app */;
			productType = "com.apple.product-type.application";
		};
/* End PBXNativeTarget section */

/* Begin PBXProject section */
		163A54771F9900F800935122 /* Project object */ = {
			isa = PBXProject;
			attributes = {
				LastSwiftUpdateCheck = 0900;
				LastUpgradeCheck = 0900;
				ORGANIZATIONNAME = "Kirti Parghi";
				TargetAttributes = {
					163A547E1F9900F800935122 = {
						CreatedOnToolsVersion = 9.0;
						ProvisioningStyle = Automatic;
					};
				};
			};
			buildConfigurationList = 163A547A1F9900F800935122 /* Build configuration list for PBXProject "PlistDemo" */;
			compatibilityVersion = "Xcode 8.0";
			developmentRegion = en;
			hasScannedForEncodings = 0;
			knownRegions = (
				en,
				Base,
			);
			mainGroup = 163A54761F9900F800935122;
			productRefGroup = 163A54801F9900F800935122 /* Products */;
			projectDirPath = "";
			projectRoot = "";
			targets = (
				163A547E1F9900F800935122 /* PlistDemo */,
			);
		};
/* End PBXProject section */

/* Begin PBXResourcesBuildPhase section */
		163A547D1F9900F800935122 /* Resources */ = {
			isa = PBXResourcesBuildPhase;
			buildActionMask = 2147483647;
			files = (
				163A548D1F9900F800935122 /* LaunchScreen.storyboard in Resources */,
				071B05DC1F997239001D1776 /* SamplePropertyList.plist in Resources */,
				163A549B1F99203000935122 /* ProductPlist.plist in Resources */,
				163A548A1F9900F800935122 /* Assets.xcassets in Resources */,
				163A54881F9900F800935122 /* Main.storyboard in Resources */,
			);
			runOnlyForDeploymentPostprocessing = 0;
		};
/* End PBXResourcesBuildPhase section */

/* Begin PBXSourcesBuildPhase section */
		163A547B1F9900F800935122 /* Sources */ = {
			isa = PBXSourcesBuildPhase;
			buildActionMask = 2147483647;
			files = (
				163A54951F99015500935122 /* ProductVC.swift in Sources */,
				163A54831F9900F800935122 /* AppDelegate.swift in Sources */,
				163A54971F99043600935122 /* ProductListVC.swift in Sources */,
			);
			runOnlyForDeploymentPostprocessing = 0;
		};
/* End PBXSourcesBuildPhase section */

/* Begin PBXVariantGroup section */
		163A54861F9900F800935122 /* Main.storyboard */ = {
			isa = PBXVariantGroup;
			children = (
				163A54871F9900F800935122 /* Base */,
			);
			name = Main.storyboard;
			sourceTree = "<group>";
		};
		163A548B1F9900F800935122 /* LaunchScreen.storyboard */ = {
			isa = PBXVariantGroup;
			children = (
				163A548C1F9900F800935122 /* Base */,
			);
			name = LaunchScreen.storyboard;
			sourceTree = "<group>";
		};
/* End PBXVariantGroup section */

/* Begin XCBuildConfiguration section */
		163A548F1F9900F800935122 /* Debug */ = {
			isa = XCBuildConfiguration;
			buildSettings = {
				ALWAYS_SEARCH_USER_PATHS = NO;
				CLANG_ANALYZER_NONNULL = YES;
				CLANG_ANALYZER_NUMBER_OBJECT_CONVERSION = YES_AGGRESSIVE;
				CLANG_CXX_LANGUAGE_STANDARD = "gnu++14";
				CLANG_CXX_LIBRARY = "libc++";
				CLANG_ENABLE_MODULES = YES;
				CLANG_ENABLE_OBJC_ARC = YES;
				CLANG_WARN_BLOCK_CAPTURE_AUTORELEASING = YES;
				CLANG_WARN_BOOL_CONVERSION = YES;
				CLANG_WARN_COMMA = YES;
				CLANG_WARN_CONSTANT_CONVERSION = YES;
				CLANG_WARN_DIRECT_OBJC_ISA_USAGE = YES_ERROR;
				CLANG_WARN_DOCUMENTATION_COMMENTS = YES;
				CLANG_WARN_EMPTY_BODY = YES;
				CLANG_WARN_ENUM_CONVERSION = YES;
				CLANG_WARN_INFINITE_RECURSION = YES;
				CLANG_WARN_INT_CONVERSION = YES;
				CLANG_WARN_NON_LITERAL_NULL_CONVERSION = YES;
				CLANG_WARN_OBJC_LITERAL_CONVERSION = YES;
				CLANG_WARN_OBJC_ROOT_CLASS = YES_ERROR;
				CLANG_WARN_RANGE_LOOP_ANALYSIS = YES;
				CLANG_WARN_STRICT_PROTOTYPES = YES;
				CLANG_WARN_SUSPICIOUS_MOVE = YES;
				CLANG_WARN_UNGUARDED_AVAILABILITY = YES_AGGRESSIVE;
				CLANG_WARN_UNREACHABLE_CODE = YES;
				CLANG_WARN__DUPLICATE_METHOD_MATCH = YES;
				CODE_SIGN_IDENTITY = "iPhone Developer";
				COPY_PHASE_STRIP = NO;
				DEBUG_INFORMATION_FORMAT = dwarf;
				ENABLE_STRICT_OBJC_MSGSEND = YES;
				ENABLE_TESTABILITY = YES;
				GCC_C_LANGUAGE_STANDARD = gnu11;
				GCC_DYNAMIC_NO_PIC = NO;
				GCC_NO_COMMON_BLOCKS = YES;
				GCC_OPTIMIZATION_LEVEL = 0;
				GCC_PREPROCESSOR_DEFINITIONS = (
					"DEBUG=1",
					"$(inherited)",
				);
				GCC_WARN_64_TO_32_BIT_CONVERSION = YES;
				GCC_WARN_ABOUT_RETURN_TYPE = YES_ERROR;
				GCC_WARN_UNDECLARED_SELECTOR = YES;
				GCC_WARN_UNINITIALIZED_AUTOS = YES_AGGRESSIVE;
				GCC_WARN_UNUSED_FUNCTION = YES;
				GCC_WARN_UNUSED_VARIABLE = YES;
				IPHONEOS_DEPLOYMENT_TARGET = 11.0;
				MTL_ENABLE_DEBUG_INFO = YES;
				ONLY_ACTIVE_ARCH = YES;
				SDKROOT = iphoneos;
				SWIFT_ACTIVE_COMPILATION_CONDITIONS = DEBUG;
				SWIFT_OPTIMIZATION_LEVEL = "-Onone";
			};
			name = Debug;
		};
		163A54901F9900F800935122 /* Release */ = {
			isa = XCBuildConfiguration;
			buildSettings = {
				ALWAYS_SEARCH_USER_PATHS = NO;
				CLANG_ANALYZER_NONNULL = YES;
				CLANG_ANALYZER_NUMBER_OBJECT_CONVERSION = YES_AGGRESSIVE;
				CLANG_CXX_LANGUAGE_STANDARD = "gnu++14";
				CLANG_CXX_LIBRARY = "libc++";
				CLANG_ENABLE_MODULES = YES;
				CLANG_ENABLE_OBJC_ARC = YES;
				CLANG_WARN_BLOCK_CAPTURE_AUTORELEASING = YES;
				CLANG_WARN_BOOL_CONVERSION = YES;
				CLANG_WARN_COMMA = YES;
				CLANG_WARN_CONSTANT_CONVERSION = YES;
				CLANG_WARN_DIRECT_OBJC_ISA_USAGE = YES_ERROR;
				CLANG_WARN_DOCUMENTATION_COMMENTS = YES;
				CLANG_WARN_EMPTY_BODY = YES;
				CLANG_WARN_ENUM_CONVERSION = YES;
				CLANG_WARN_INFINITE_RECURSION = YES;
				CLANG_WARN_INT_CONVERSION = YES;
				CLANG_WARN_NON_LITERAL_NULL_CONVERSION = YES;
				CLANG_WARN_OBJC_LITERAL_CONVERSION = YES;
				CLANG_WARN_OBJC_ROOT_CLASS = YES_ERROR;
				CLANG_WARN_RANGE_LOOP_ANALYSIS = YES;
				CLANG_WARN_STRICT_PROTOTYPES = YES;
				CLANG_WARN_SUSPICIOUS_MOVE = YES;
				CLANG_WARN_UNGUARDED_AVAILABILITY = YES_AGGRESSIVE;
				CLANG_WARN_UNREACHABLE_CODE = YES;
				CLANG_WARN__DUPLICATE_METHOD_MATCH = YES;
				CODE_SIGN_IDENTITY = "iPhone Developer";
				COPY_PHASE_STRIP = NO;
				DEBUG_INFORMATION_FORMAT = "dwarf-with-dsym";
				ENABLE_NS_ASSERTIONS = NO;
				ENABLE_STRICT_OBJC_MSGSEND = YES;
				GCC_C_LANGUAGE_STANDARD = gnu11;
				GCC_NO_COMMON_BLOCKS = YES;
				GCC_WARN_64_TO_32_BIT_CONVERSION = YES;
				GCC_WARN_ABOUT_RETURN_TYPE = YES_ERROR;
				GCC_WARN_UNDECLARED_SELECTOR = YES;
				GCC_WARN_UNINITIALIZED_AUTOS = YES_AGGRESSIVE;
				GCC_WARN_UNUSED_FUNCTION = YES;
				GCC_WARN_UNUSED_VARIABLE = YES;
				IPHONEOS_DEPLOYMENT_TARGET = 11.0;
				MTL_ENABLE_DEBUG_INFO = NO;
				SDKROOT = iphoneos;
				SWIFT_OPTIMIZATION_LEVEL = "-Owholemodule";
				VALIDATE_PRODUCT = YES;
			};
			name = Release;
		};
		163A54921F9900F800935122 /* Debug */ = {
			isa = XCBuildConfiguration;
			buildSettings = {
				ASSETCATALOG_COMPILER_APPICON_NAME = AppIcon;
				CODE_SIGN_STYLE = Automatic;
				INFOPLIST_FILE = PlistDemo/Info.plist;
				LD_RUNPATH_SEARCH_PATHS = "$(inherited) @executable_path/Frameworks";
				PRODUCT_BUNDLE_IDENTIFIER = com.kirti.PlistDemo;
				PRODUCT_NAME = "$(TARGET_NAME)";
				SWIFT_VERSION = 4.0;
				TARGETED_DEVICE_FAMILY = "1,2";
			};
			name = Debug;
		};
		163A54931F9900F800935122 /* Release */ = {
			isa = XCBuildConfiguration;
			buildSettings = {
				ASSETCATALOG_COMPILER_APPICON_NAME = AppIcon;
				CODE_SIGN_STYLE = Automatic;
				INFOPLIST_FILE = PlistDemo/Info.plist;
				LD_RUNPATH_SEARCH_PATHS = "$(inherited) @executable_path/Frameworks";
				PRODUCT_BUNDLE_IDENTIFIER = com.kirti.PlistDemo;
				PRODUCT_NAME = "$(TARGET_NAME)";
				SWIFT_VERSION = 4.0;
				TARGETED_DEVICE_FAMILY = "1,2";
			};
			name = Release;
		};
/* End XCBuildConfiguration section */

/* Begin XCConfigurationList section */
		163A547A1F9900F800935122 /* Build configuration list for PBXProject "PlistDemo" */ = {
			isa = XCConfigurationList;
			buildConfigurations = (
				163A548F1F9900F800935122 /* Debug */,
				163A54901F9900F800935122 /* Release */,
			);
			defaultConfigurationIsVisible = 0;
			defaultConfigurationName = Release;
		};
		163A54911F9900F800935122 /* Build configuration list for PBXNativeTarget "PlistDemo" */ = {
			isa = XCConfigurationList;
			buildConfigurations = (
				163A54921F9900F800935122 /* Debug */,
				163A54931F9900F800935122 /* Release */,
			);
			defaultConfigurationIsVisible = 0;
			defaultConfigurationName = Release;
		};
/* End XCConfigurationList section */
	};
	rootObject = 163A54771F9900F800935122 /* Project object */;
}
